
Microsoft Visual Studio Solution File, Format Version 12.00
# Visual Studio Version 16
VisualStudioVersion = 16.0.31911.196
MinimumVisualStudioVersion = 10.0.40219.1
Project("{FAE04EC0-301F-11D3-BF4B-00C04F79EFBC}") = "HexadecimaleViewer", "HexadecimaleViewer\HexadecimaleViewer.csproj", "{9C44DA8B-4FB5-405C-9E27-F1E6F727140F}"
EndProject
Global
	GlobalSection(SolutionConfigurationPlatforms) = preSolution
		Debug|Any CPU = Debug|Any CPU
		Release|Any CPU = Release|Any CPU
	EndGlobalSection
	GlobalSection(ProjectConfigurationPlatforms) = postSolution
		{9C44DA8B-4FB5-405C-9E27-F1E6F727140F}.Debug|Any CPU.ActiveCfg = Debug|Any CPU
		{9C44DA8B-4FB5-405C-9E27-F1E6F727140F}.Debug|Any CPU.Build.0 = Debug|Any CPU
		{9C44DA8B-4FB5-405C-9E27-F1E6F727140F}.Release|Any CPU.ActiveCfg = Release|Any CPU
		{9C44DA8B-4FB5-405C-9E27-F1E6F727140F}.Release|Any CPU.Build.0 = Release|Any CPU
	EndGlobalSection
	GlobalSection(SolutionProperties) = preSolution
		HideSolutionNode = FALSE
	EndGlobalSection
	GlobalSection(ExtensibilityGlobals) = postSolution
		SolutionGuid = {C34A2D97-008B-4B75-B1A8-5317FE20B324}
	EndGlobalSection
EndGlobal
